
Microsoft Visual Studio Solution File, Format Version 12.00
# Visual Studio Version 17
VisualStudioVersion = 17.10.34707.107
MinimumVisualStudioVersion = 10.0.40219.1
Project("{FAE04EC0-301F-11D3-BF4B-00C04F79EFBC}") = "Coodinator", "Coodinator\Coodinator.csproj", "{6B8F38FD-1E77-4CAD-9CD7-6FC052D5E5D2}"
EndProject
Project("{FAE04EC0-301F-11D3-BF4B-00C04F79EFBC}") = "Order.API", "Order.API\Order.API.csproj", "{AA6F6E08-75EC-4DCF-BA8F-705EC9C3FAD1}"
EndProject
Project("{FAE04EC0-301F-11D3-BF4B-00C04F79EFBC}") = "Payment.API", "Payment.API\Payment.API.csproj", "{32186301-B7B1-4C4F-BB8B-10035B168BE9}"
EndProject
Project("{FAE04EC0-301F-11D3-BF4B-00C04F79EFBC}") = "Stock.API", "Stock.API\Stock.API.csproj", "{77BB6D8D-FA64-449B-962F-FA088C3ED5D2}"
EndProject
Global
	GlobalSection(SolutionConfigurationPlatforms) = preSolution
		Debug|Any CPU = Debug|Any CPU
		Release|Any CPU = Release|Any CPU
	EndGlobalSection
	GlobalSection(ProjectConfigurationPlatforms) = postSolution
		{6B8F38FD-1E77-4CAD-9CD7-6FC052D5E5D2}.Debug|Any CPU.ActiveCfg = Debug|Any CPU
		{6B8F38FD-1E77-4CAD-9CD7-6FC052D5E5D2}.Debug|Any CPU.Build.0 = Debug|Any CPU
		{6B8F38FD-1E77-4CAD-9CD7-6FC052D5E5D2}.Release|Any CPU.ActiveCfg = Release|Any CPU
		{6B8F38FD-1E77-4CAD-9CD7-6FC052D5E5D2}.Release|Any CPU.Build.0 = Release|Any CPU
		{AA6F6E08-75EC-4DCF-BA8F-705EC9C3FAD1}.Debug|Any CPU.ActiveCfg = Debug|Any CPU
		{AA6F6E08-75EC-4DCF-BA8F-705EC9C3FAD1}.Debug|Any CPU.Build.0 = Debug|Any CPU
		{AA6F6E08-75EC-4DCF-BA8F-705EC9C3FAD1}.Release|Any CPU.ActiveCfg = Release|Any CPU
		{AA6F6E08-75EC-4DCF-BA8F-705EC9C3FAD1}.Release|Any CPU.Build.0 = Release|Any CPU
		{32186301-B7B1-4C4F-BB8B-10035B168BE9}.Debug|Any CPU.ActiveCfg = Debug|Any CPU
		{32186301-B7B1-4C4F-BB8B-10035B168BE9}.Debug|Any CPU.Build.0 = Debug|Any CPU
		{32186301-B7B1-4C4F-BB8B-10035B168BE9}.Release|Any CPU.ActiveCfg = Release|Any CPU
		{32186301-B7B1-4C4F-BB8B-10035B168BE9}.Release|Any CPU.Build.0 = Release|Any CPU
		{77BB6D8D-FA64-449B-962F-FA088C3ED5D2}.Debug|Any CPU.ActiveCfg = Debug|Any CPU
		{77BB6D8D-FA64-449B-962F-FA088C3ED5D2}.Debug|Any CPU.Build.0 = Debug|Any CPU
		{77BB6D8D-FA64-449B-962F-FA088C3ED5D2}.Release|Any CPU.ActiveCfg = Release|Any CPU
		{77BB6D8D-FA64-449B-962F-FA088C3ED5D2}.Release|Any CPU.Build.0 = Release|Any CPU
	EndGlobalSection
	GlobalSection(SolutionProperties) = preSolution
		HideSolutionNode = FALSE
	EndGlobalSection
	GlobalSection(ExtensibilityGlobals) = postSolution
		SolutionGuid = {1AFB52D7-4CA6-4CA0-AB7D-C93C3E6F0FB7}
	EndGlobalSection
EndGlobal
